Microsoft Visual Studio Solution File, Format Version 12.00
# Visual Studio Version 17
VisualStudioVersion = 17.5.2.0
MinimumVisualStudioVersion = 10.0.40219.1
Project("{FAE04EC0-301F-11D3-BF4B-00C04F79EFBC}") = "alloy-events-test", "alloy-events-test.csproj", "{BDA32A6F-DD36-98E1-F00F-AE2A49328CF0}"
EndProject
Project("{FAE04EC0-301F-11D3-BF4B-00C04F79EFBC}") = "GcsBlobProvider", "..\GcsBlobProvider\GcsBlobProvider.csproj", "{00F0DACE-AA4B-4D95-9058-3B75A2486BF6}"
EndProject
Global
	GlobalSection(SolutionConfigurationPlatforms) = preSolution
		Debug|Any CPU = Debug|Any CPU
		Release|Any CPU = Release|Any CPU
	EndGlobalSection
	GlobalSection(ProjectConfigurationPlatforms) = postSolution
		{BDA32A6F-DD36-98E1-F00F-AE2A49328CF0}.Debug|Any CPU.ActiveCfg = Debug|Any CPU
		{BDA32A6F-DD36-98E1-F00F-AE2A49328CF0}.Debug|Any CPU.Build.0 = Debug|Any CPU
		{BDA32A6F-DD36-98E1-F00F-AE2A49328CF0}.Release|Any CPU.ActiveCfg = Release|Any CPU
		{BDA32A6F-DD36-98E1-F00F-AE2A49328CF0}.Release|Any CPU.Build.0 = Release|Any CPU
		{00F0DACE-AA4B-4D95-9058-3B75A2486BF6}.Debug|Any CPU.ActiveCfg = Debug|Any CPU
		{00F0DACE-AA4B-4D95-9058-3B75A2486BF6}.Debug|Any CPU.Build.0 = Debug|Any CPU
		{00F0DACE-AA4B-4D95-9058-3B75A2486BF6}.Release|Any CPU.ActiveCfg = Release|Any CPU
		{00F0DACE-AA4B-4D95-9058-3B75A2486BF6}.Release|Any CPU.Build.0 = Release|Any CPU
	EndGlobalSection
	GlobalSection(SolutionProperties) = preSolution
		HideSolutionNode = FALSE
	EndGlobalSection
	GlobalSection(ExtensibilityGlobals) = postSolution
		SolutionGuid = {C5AA5851-8B83-43D6-A24D-B90B60065E73}
	EndGlobalSection
EndGlobal
